
Microsoft Visual Studio Solution File, Format Version 12.00
Project("{FAE04EC0-301F-11D3-BF4B-00C04F79EFBC}") = "ReData.Domain", "ReData.Domain\ReData.Domain.csproj", "{25214E13-CDA6-47F1-A28E-9E25B87FE435}"
EndProject
Project("{FAE04EC0-301F-11D3-BF4B-00C04F79EFBC}") = "ReData.Application", "ReData.Application\ReData.Application.csproj", "{D13D1302-917D-475C-8E23-3E47EAC44861}"
EndProject
Project("{FAE04EC0-301F-11D3-BF4B-00C04F79EFBC}") = "ReData.Database", "ReData.Database\ReData.Database.csproj", "{E9787171-5DC6-44D7-A45F-07670E2F7C1A}"
EndProject
Project("{FAE04EC0-301F-11D3-BF4B-00C04F79EFBC}") = "ReData.Core", "ReData.Core\ReData.Core.csproj", "{83136ED6-8EAB-456A-8519-1D2432F365AB}"
EndProject
Project("{FAE04EC0-301F-11D3-BF4B-00C04F79EFBC}") = "ReData.Domain.Tests", "ReData.Domain.Tests\ReData.Domain.Tests.csproj", "{C864389D-D32B-459C-9E23-2EE92B4697D6}"
EndProject
Project("{FAE04EC0-301F-11D3-BF4B-00C04F79EFBC}") = "ReData.Query.Lang", "ReData.Query.Lang\ReData.Query.Lang.csproj", "{5F4D072E-56B4-4D91-9190-361CA5E57ABC}"
EndProject
Project("{FAE04EC0-301F-11D3-BF4B-00C04F79EFBC}") = "ReData.Query.Lang.Tests", "ReData.Query.Lang.Tests\ReData.Query.Lang.Tests.csproj", "{772FAFC6-A1AD-4D7A-AA8B-7A8241442BD8}"
EndProject
Project("{FAE04EC0-301F-11D3-BF4B-00C04F79EFBC}") = "ReData.Query", "ReData.Query\ReData.Query.csproj", "{6978DC1A-4AB3-4686-A236-0EEE26A9D534}"
EndProject
Project("{FAE04EC0-301F-11D3-BF4B-00C04F79EFBC}") = "ReData.Query.Tests", "ReData.Query.Tests\ReData.Query.Tests.csproj", "{37E18B14-0F3B-425F-B0B2-CB964A74EB26}"
EndProject
Project("{FAE04EC0-301F-11D3-BF4B-00C04F79EFBC}") = "ReData.Domain.Query.Console", "ReData.Domain.Query.Console\ReData.Domain.Query.Console.csproj", "{C13E31B7-3845-444B-897B-B4C586F56219}"
EndProject
Project("{2150E333-8FDC-42A3-9474-1A3956D46DE8}") = "src", "src", "{D1285F61-09CA-4A95-9D9C-C5C589BE5C1E}"
EndProject
Project("{2150E333-8FDC-42A3-9474-1A3956D46DE8}") = "tests", "tests", "{28FA8811-04AD-4C6B-B137-A385C5CA1E33}"
EndProject
Project("{2150E333-8FDC-42A3-9474-1A3956D46DE8}") = "utils", "utils", "{87994316-6357-44FB-A65C-A4FB165B32BA}"
EndProject
Project("{2150E333-8FDC-42A3-9474-1A3956D46DE8}") = "bench", "bench", "{6522EB3C-3FB1-41D0-BA0D-11D7EBA3D1EE}"
EndProject
Project("{FAE04EC0-301F-11D3-BF4B-00C04F79EFBC}") = "ExpressionGeneratorBenchmark", "ExpressionGeneratorBenchmark\ExpressionGeneratorBenchmark.csproj", "{DEADD892-E290-412D-B7C9-50E9774D0D06}"
EndProject
Global
	GlobalSection(SolutionConfigurationPlatforms) = preSolution
		Debug|Any CPU = Debug|Any CPU
		Release|Any CPU = Release|Any CPU
	EndGlobalSection
	GlobalSection(ProjectConfigurationPlatforms) = postSolution
		{25214E13-CDA6-47F1-A28E-9E25B87FE435}.Debug|Any CPU.ActiveCfg = Debug|Any CPU
		{25214E13-CDA6-47F1-A28E-9E25B87FE435}.Debug|Any CPU.Build.0 = Debug|Any CPU
		{25214E13-CDA6-47F1-A28E-9E25B87FE435}.Release|Any CPU.ActiveCfg = Release|Any CPU
		{25214E13-CDA6-47F1-A28E-9E25B87FE435}.Release|Any CPU.Build.0 = Release|Any CPU
		{D13D1302-917D-475C-8E23-3E47EAC44861}.Debug|Any CPU.ActiveCfg = Debug|Any CPU
		{D13D1302-917D-475C-8E23-3E47EAC44861}.Debug|Any CPU.Build.0 = Debug|Any CPU
		{D13D1302-917D-475C-8E23-3E47EAC44861}.Release|Any CPU.ActiveCfg = Release|Any CPU
		{D13D1302-917D-475C-8E23-3E47EAC44861}.Release|Any CPU.Build.0 = Release|Any CPU
		{E9787171-5DC6-44D7-A45F-07670E2F7C1A}.Debug|Any CPU.ActiveCfg = Debug|Any CPU
		{E9787171-5DC6-44D7-A45F-07670E2F7C1A}.Debug|Any CPU.Build.0 = Debug|Any CPU
		{E9787171-5DC6-44D7-A45F-07670E2F7C1A}.Release|Any CPU.ActiveCfg = Release|Any CPU
		{E9787171-5DC6-44D7-A45F-07670E2F7C1A}.Release|Any CPU.Build.0 = Release|Any CPU
		{83136ED6-8EAB-456A-8519-1D2432F365AB}.Debug|Any CPU.ActiveCfg = Debug|Any CPU
		{83136ED6-8EAB-456A-8519-1D2432F365AB}.Debug|Any CPU.Build.0 = Debug|Any CPU
		{83136ED6-8EAB-456A-8519-1D2432F365AB}.Release|Any CPU.ActiveCfg = Release|Any CPU
		{83136ED6-8EAB-456A-8519-1D2432F365AB}.Release|Any CPU.Build.0 = Release|Any CPU
		{C864389D-D32B-459C-9E23-2EE92B4697D6}.Debug|Any CPU.ActiveCfg = Debug|Any CPU
		{C864389D-D32B-459C-9E23-2EE92B4697D6}.Debug|Any CPU.Build.0 = Debug|Any CPU
		{C864389D-D32B-459C-9E23-2EE92B4697D6}.Release|Any CPU.ActiveCfg = Release|Any CPU
		{C864389D-D32B-459C-9E23-2EE92B4697D6}.Release|Any CPU.Build.0 = Release|Any CPU
		{5F4D072E-56B4-4D91-9190-361CA5E57ABC}.Debug|Any CPU.ActiveCfg = Debug|Any CPU
		{5F4D072E-56B4-4D91-9190-361CA5E57ABC}.Debug|Any CPU.Build.0 = Debug|Any CPU
		{5F4D072E-56B4-4D91-9190-361CA5E57ABC}.Release|Any CPU.ActiveCfg = Release|Any CPU
		{5F4D072E-56B4-4D91-9190-361CA5E57ABC}.Release|Any CPU.Build.0 = Release|Any CPU
		{772FAFC6-A1AD-4D7A-AA8B-7A8241442BD8}.Debug|Any CPU.ActiveCfg = Debug|Any CPU
		{772FAFC6-A1AD-4D7A-AA8B-7A8241442BD8}.Debug|Any CPU.Build.0 = Debug|Any CPU
		{772FAFC6-A1AD-4D7A-AA8B-7A8241442BD8}.Release|Any CPU.ActiveCfg = Release|Any CPU
		{772FAFC6-A1AD-4D7A-AA8B-7A8241442BD8}.Release|Any CPU.Build.0 = Release|Any CPU
		{6978DC1A-4AB3-4686-A236-0EEE26A9D534}.Debug|Any CPU.ActiveCfg = Debug|Any CPU
		{6978DC1A-4AB3-4686-A236-0EEE26A9D534}.Debug|Any CPU.Build.0 = Debug|Any CPU
		{6978DC1A-4AB3-4686-A236-0EEE26A9D534}.Release|Any CPU.ActiveCfg = Release|Any CPU
		{6978DC1A-4AB3-4686-A236-0EEE26A9D534}.Release|Any CPU.Build.0 = Release|Any CPU
		{37E18B14-0F3B-425F-B0B2-CB964A74EB26}.Debug|Any CPU.ActiveCfg = Debug|Any CPU
		{37E18B14-0F3B-425F-B0B2-CB964A74EB26}.Debug|Any CPU.Build.0 = Debug|Any CPU
		{37E18B14-0F3B-425F-B0B2-CB964A74EB26}.Release|Any CPU.ActiveCfg = Release|Any CPU
		{37E18B14-0F3B-425F-B0B2-CB964A74EB26}.Release|Any CPU.Build.0 = Release|Any CPU
		{C13E31B7-3845-444B-897B-B4C586F56219}.Debug|Any CPU.ActiveCfg = Debug|Any CPU
		{C13E31B7-3845-444B-897B-B4C586F56219}.Debug|Any CPU.Build.0 = Debug|Any CPU
		{C13E31B7-3845-444B-897B-B4C586F56219}.Release|Any CPU.ActiveCfg = Release|Any CPU
		{C13E31B7-3845-444B-897B-B4C586F56219}.Release|Any CPU.Build.0 = Release|Any CPU
		{DEADD892-E290-412D-B7C9-50E9774D0D06}.Debug|Any CPU.ActiveCfg = Debug|Any CPU
		{DEADD892-E290-412D-B7C9-50E9774D0D06}.Debug|Any CPU.Build.0 = Debug|Any CPU
		{DEADD892-E290-412D-B7C9-50E9774D0D06}.Release|Any CPU.ActiveCfg = Release|Any CPU
		{DEADD892-E290-412D-B7C9-50E9774D0D06}.Release|Any CPU.Build.0 = Release|Any CPU
	EndGlobalSection
	GlobalSection(NestedProjects) = preSolution
		{D13D1302-917D-475C-8E23-3E47EAC44861} = {D1285F61-09CA-4A95-9D9C-C5C589BE5C1E}
		{83136ED6-8EAB-456A-8519-1D2432F365AB} = {D1285F61-09CA-4A95-9D9C-C5C589BE5C1E}
		{E9787171-5DC6-44D7-A45F-07670E2F7C1A} = {D1285F61-09CA-4A95-9D9C-C5C589BE5C1E}
		{25214E13-CDA6-47F1-A28E-9E25B87FE435} = {D1285F61-09CA-4A95-9D9C-C5C589BE5C1E}
		{6978DC1A-4AB3-4686-A236-0EEE26A9D534} = {D1285F61-09CA-4A95-9D9C-C5C589BE5C1E}
		{5F4D072E-56B4-4D91-9190-361CA5E57ABC} = {D1285F61-09CA-4A95-9D9C-C5C589BE5C1E}
		{C13E31B7-3845-444B-897B-B4C586F56219} = {87994316-6357-44FB-A65C-A4FB165B32BA}
		{772FAFC6-A1AD-4D7A-AA8B-7A8241442BD8} = {28FA8811-04AD-4C6B-B137-A385C5CA1E33}
		{37E18B14-0F3B-425F-B0B2-CB964A74EB26} = {28FA8811-04AD-4C6B-B137-A385C5CA1E33}
		{C864389D-D32B-459C-9E23-2EE92B4697D6} = {28FA8811-04AD-4C6B-B137-A385C5CA1E33}
		{DEADD892-E290-412D-B7C9-50E9774D0D06} = {6522EB3C-3FB1-41D0-BA0D-11D7EBA3D1EE}
	EndGlobalSection
EndGlobal
